
Microsoft Visual Studio Solution File, Format Version 12.00
# Visual Studio Version 16
VisualStudioVersion = 16.0.31112.23
MinimumVisualStudioVersion = 10.0.40219.1
Project("{FAE04EC0-301F-11D3-BF4B-00C04F79EFBC}") = "Students-grades-entry-system", "Students-grades-entry-system\Students-grades-entry-system.csproj", "{EC98CD66-6498-4A97-AC3D-D63E8167BEBE}"
EndProject
Global
	GlobalSection(SolutionConfigurationPlatforms) = preSolution
		Debug|Any CPU = Debug|Any CPU
		Release|Any CPU = Release|Any CPU
	EndGlobalSection
	GlobalSection(ProjectConfigurationPlatforms) = postSolution
		{EC98CD66-6498-4A97-AC3D-D63E8167BEBE}.Debug|Any CPU.ActiveCfg = Debug|Any CPU
		{EC98CD66-6498-4A97-AC3D-D63E8167BEBE}.Debug|Any CPU.Build.0 = Debug|Any CPU
		{EC98CD66-6498-4A97-AC3D-D63E8167BEBE}.Release|Any CPU.ActiveCfg = Release|Any CPU
		{EC98CD66-6498-4A97-AC3D-D63E8167BEBE}.Release|Any CPU.Build.0 = Release|Any CPU
	EndGlobalSection
	GlobalSection(SolutionProperties) = preSolution
		HideSolutionNode = FALSE
	EndGlobalSection
	GlobalSection(ExtensibilityGlobals) = postSolution
		SolutionGuid = {AE376D96-1051-4F54-88C6-7006D53208D3}
	EndGlobalSection
EndGlobal
